// !$*UTF8*$!
{
	archiveVersion = 1;
	classes = {
	};
	objectVersion = 50;
	objects = {

/* Begin PBXBuildFile section */
		2FC54ED835817E2AF5051F24 /* Pods_Saily_Package_Manager.framework in Frameworks */ = {isa = PBXBuildFile; fileRef = 5E75156FF8A25029C4BB5593 /* Pods_Saily_Package_Manager.framework */; };
		AB0DA4C42273488200633B30 /* tweakIcon.png in Resources */ = {isa = PBXBuildFile; fileRef = AB0DA4C32273488200633B30 /* tweakIcon.png */; };
		AB0DA4DE2274158700633B30 /* menu_gray@3x.png in Resources */ = {isa = PBXBuildFile; fileRef = AB0DA4DC2274158700633B30 /* menu_gray@3x.png */; };
		AB0DA4DF2274158700633B30 /* menu_blue@3x.png in Resources */ = {isa = PBXBuildFile; fileRef = AB0DA4DD2274158700633B30 /* menu_blue@3x.png */; };
		AB102D2B226AE219005348A9 /* Saily_UI_Sectiosn.swift in Sources */ = {isa = PBXBuildFile; fileRef = AB102D2A226AE219005348A9 /* Saily_UI_Sectiosn.swift */; };
		AB102D2F226AF9F7005348A9 /* Folder.png in Resources */ = {isa = PBXBuildFile; fileRef = AB102D2E226AF9F7005348A9 /* Folder.png */; };
		AB102D31226B0174005348A9 /* PackageCar.png in Resources */ = {isa = PBXBuildFile; fileRef = AB102D30226B0174005348A9 /* PackageCar.png */; };
		AB102D3B226B1E00005348A9 /* Saily_UI_Packages.swift in Sources */ = {isa = PBXBuildFile; fileRef = AB102D3A226B1E00005348A9 /* Saily_UI_Packages.swift */; };
		AB153AED2270AB490084D365 /* tweaksss.png in Resources */ = {isa = PBXBuildFile; fileRef = AB153AEB2270AB490084D365 /* tweaksss.png */; };
		AB153AF12270B7960084D365 /* setting_blue.png in Resources */ = {isa = PBXBuildFile; fileRef = AB153AEF2270B7960084D365 /* setting_blue.png */; };
		AB153AF22270B7960084D365 /* setting_gary.png in Resources */ = {isa = PBXBuildFile; fileRef = AB153AF02270B7960084D365 /* setting_gary.png */; };
		AB153AF42270BD2E0084D365 /* Saily_UI_Queue.swift in Sources */ = {isa = PBXBuildFile; fileRef = AB153AF32270BD2E0084D365 /* Saily_UI_Queue.swift */; };
		AB153AFC2270C83F0084D365 /* Localizable.strings in Resources */ = {isa = PBXBuildFile; fileRef = AB153AFA2270C83F0084D365 /* Localizable.strings */; };
		AB6565BE226A2C5900E796E5 /* Saily_UI_Repos.swift in Sources */ = {isa = PBXBuildFile; fileRef = AB6565BD226A2C5900E796E5 /* Saily_UI_Repos.swift */; };
		AB6565C0226A3A6E00E796E5 /* next.png in Resources */ = {isa = PBXBuildFile; fileRef = AB6565BF226A3A6E00E796E5 /* next.png */; };
		AB6565C2226A460300E796E5 /* edit@3x.png in Resources */ = {isa = PBXBuildFile; fileRef = AB6565C1226A460300E796E5 /* edit@3x.png */; };
		AB6565C6226A465100E796E5 /* add@3x.png in Resources */ = {isa = PBXBuildFile; fileRef = AB6565C5226A465100E796E5 /* add@3x.png */; };
		AB86503E227715F900A9A9BE /* Saily_UI_Submitter.swift in Sources */ = {isa = PBXBuildFile; fileRef = AB86503D227715F900A9A9BE /* Saily_UI_Submitter.swift */; };
		AB86AFE4226A09FB0021EB89 /* CardCellKind2.swift in Sources */ = {isa = PBXBuildFile; fileRef = AB86AFD9226A09FB0021EB89 /* CardCellKind2.swift */; };
		AB86AFE5226A09FB0021EB89 /* PlaceHolderLight.png in Resources */ = {isa = PBXBuildFile; fileRef = AB86AFDA226A09FB0021EB89 /* PlaceHolderLight.png */; };
		AB86AFE7226A09FB0021EB89 /* PlaceHolderDark.jpg in Resources */ = {isa = PBXBuildFile; fileRef = AB86AFDC226A09FB0021EB89 /* PlaceHolderDark.jpg */; };
		AB86AFE9226A09FB0021EB89 /* CardCellKind1.swift in Sources */ = {isa = PBXBuildFile; fileRef = AB86AFDE226A09FB0021EB89 /* CardCellKind1.swift */; };
		AB86AFEB226A09FB0021EB89 /* WHITE.png in Resources */ = {isa = PBXBuildFile; fileRef = AB86AFE0226A09FB0021EB89 /* WHITE.png */; };
		AB86AFEE226A107B0021EB89 /* PackageDownloadView.swift in Sources */ = {isa = PBXBuildFile; fileRef = AB86AFEC226A107B0021EB89 /* PackageDownloadView.swift */; };
		AB86AFFD226A12AC0021EB89 /* UIViewExtension.swift in Sources */ = {isa = PBXBuildFile; fileRef = AB86AFFC226A12AC0021EB89 /* UIViewExtension.swift */; };
		AB86B003226A13BB0021EB89 /* DiscoverClass.swift in Sources */ = {isa = PBXBuildFile; fileRef = AB86B002226A13BB0021EB89 /* DiscoverClass.swift */; };
		AB8AF790226B3CC1006AA919 /* Saily_UI_Search.swift in Sources */ = {isa = PBXBuildFile; fileRef = AB8AF78F226B3CC1006AA919 /* Saily_UI_Search.swift */; };
		AB8AF798226C33C8006AA919 /* Saily_UI_Manage.swift in Sources */ = {isa = PBXBuildFile; fileRef = AB8AF797226C33C8006AA919 /* Saily_UI_Manage.swift */; };
		AB8AF7A1226C960E006AA919 /* PlaceHolder.png in Resources */ = {isa = PBXBuildFile; fileRef = AB8AF7A0226C960E006AA919 /* PlaceHolder.png */; };
		AB8AF7AF226CCEF3006AA919 /* SocialPreview.png in Resources */ = {isa = PBXBuildFile; fileRef = AB8AF7AE226CCEF3006AA919 /* SocialPreview.png */; };
		AB8AF7B3226CD5D1006AA919 /* Saily_UI_Discover_Detail.swift in Sources */ = {isa = PBXBuildFile; fileRef = AB8AF7B2226CD5D1006AA919 /* Saily_UI_Discover_Detail.swift */; };
		ABB35B16226DFCC3009E4D07 /* mafumafu_dead_rul.png in Resources */ = {isa = PBXBuildFile; fileRef = ABB35B15226DFCC3009E4D07 /* mafumafu_dead_rul.png */; };
		ABB35B1A226E0C6A009E4D07 /* Saily_UI_Tweak_Native.swift in Sources */ = {isa = PBXBuildFile; fileRef = ABB35B19226E0C6A009E4D07 /* Saily_UI_Tweak_Native.swift */; };
		ABB35B1C226E0C7A009E4D07 /* Saily_UI_Tweak_Webkit.swift in Sources */ = {isa = PBXBuildFile; fileRef = ABB35B1B226E0C7A009E4D07 /* Saily_UI_Tweak_Webkit.swift */; };
		ABB6B1DF2269E25C0034FFF5 /* RootClass.swift in Sources */ = {isa = PBXBuildFile; fileRef = ABB6B1DE2269E25C0034FFF5 /* RootClass.swift */; };
		ABB6B1E32269E3260034FFF5 /* OperatorsClass.swift in Sources */ = {isa = PBXBuildFile; fileRef = ABB6B1E22269E3260034FFF5 /* OperatorsClass.swift */; };
		ABB6B1E52269E3B60034FFF5 /* RepoClass.swift in Sources */ = {isa = PBXBuildFile; fileRef = ABB6B1E42269E3B60034FFF5 /* RepoClass.swift */; };
		ABB6B1E92269E85B0034FFF5 /* UIDeviceExtension.swift in Sources */ = {isa = PBXBuildFile; fileRef = ABB6B1E82269E85B0034FFF5 /* UIDeviceExtension.swift */; };
		ABB6B1F22269E93B0034FFF5 /* BridgerObjC.m in Sources */ = {isa = PBXBuildFile; fileRef = ABB6B1F02269E93A0034FFF5 /* BridgerObjC.m */; };
		ABB6B2042269E94B0034FFF5 /* Documentation.html in Resources */ = {isa = PBXBuildFile; fileRef = ABB6B1F62269E94B0034FFF5 /* Documentation.html */; };
		ABB6B2052269E94B0034FFF5 /* GCDAsyncUdpSocket.m in Sources */ = {isa = PBXBuildFile; fileRef = ABB6B1F72269E94B0034FFF5 /* GCDAsyncUdpSocket.m */; };
		ABB6B2062269E94B0034FFF5 /* GCDAsyncSocket.m in Sources */ = {isa = PBXBuildFile; fileRef = ABB6B1F82269E94B0034FFF5 /* GCDAsyncSocket.m */; };
		ABB6B2072269E94B0034FFF5 /* SFWebServerRequest.m in Sources */ = {isa = PBXBuildFile; fileRef = ABB6B1FD2269E94B0034FFF5 /* SFWebServerRequest.m */; };
		ABB6B2082269E94B0034FFF5 /* SFWebServer.m in Sources */ = {isa = PBXBuildFile; fileRef = ABB6B1FE2269E94B0034FFF5 /* SFWebServer.m */; };
		ABB6B2092269E94B0034FFF5 /* SFWebServerRespone.m in Sources */ = {isa = PBXBuildFile; fileRef = ABB6B1FF2269E94B0034FFF5 /* SFWebServerRespone.m */; };
		ABB6B20A2269E94B0034FFF5 /* SFWebServerRouter.m in Sources */ = {isa = PBXBuildFile; fileRef = ABB6B2002269E94B0034FFF5 /* SFWebServerRouter.m */; };
		ABB6B2192269EAD40034FFF5 /* PlaceholderUPT.png in Resources */ = {isa = PBXBuildFile; fileRef = ABB6B20B2269EAD20034FFF5 /* PlaceholderUPT.png */; };
		ABB6B21A2269EAD40034FFF5 /* BGBlue.png in Resources */ = {isa = PBXBuildFile; fileRef = ABB6B20C2269EAD30034FFF5 /* BGBlue.png */; };
		ABB6B21B2269EAD40034FFF5 /* repo_bigboss.png in Resources */ = {isa = PBXBuildFile; fileRef = ABB6B20D2269EAD30034FFF5 /* repo_bigboss.png */; };
		ABB6B21C2269EAD40034FFF5 /* source@3x.png in Resources */ = {isa = PBXBuildFile; fileRef = ABB6B20E2269EAD30034FFF5 /* source@3x.png */; };
		ABB6B21D2269EAD40034FFF5 /* iConWhiteTransparent.png in Resources */ = {isa = PBXBuildFile; fileRef = ABB6B20F2269EAD30034FFF5 /* iConWhiteTransparent.png */; };
		ABB6B21E2269EAD40034FFF5 /* PlaceholderInT.png in Resources */ = {isa = PBXBuildFile; fileRef = ABB6B2102269EAD30034FFF5 /* PlaceholderInT.png */; };
		ABB6B21F2269EAD40034FFF5 /* PlaceholderDownT.png in Resources */ = {isa = PBXBuildFile; fileRef = ABB6B2112269EAD30034FFF5 /* PlaceholderDownT.png */; };
		ABB6B2202269EAD40034FFF5 /* discover@3x.png in Resources */ = {isa = PBXBuildFile; fileRef = ABB6B2122269EAD30034FFF5 /* discover@3x.png */; };
		ABB6B2212269EAD40034FFF5 /* search@3x.png in Resources */ = {isa = PBXBuildFile; fileRef = ABB6B2132269EAD40034FFF5 /* search@3x.png */; };
		ABB6B2222269EAD40034FFF5 /* downshade.png in Resources */ = {isa = PBXBuildFile; fileRef = ABB6B2142269EAD40034FFF5 /* downshade.png */; };
		ABB6B2232269EAD40034FFF5 /* iCon.png in Resources */ = {isa = PBXBuildFile; fileRef = ABB6B2152269EAD40034FFF5 /* iCon.png */; };
		ABB6B2242269EAD40034FFF5 /* iConRound.png in Resources */ = {isa = PBXBuildFile; fileRef = ABB6B2162269EAD40034FFF5 /* iConRound.png */; };
		ABB6B2252269EAD40034FFF5 /* upshade.png in Resources */ = {isa = PBXBuildFile; fileRef = ABB6B2172269EAD40034FFF5 /* upshade.png */; };
		ABB6B2262269EAD40034FFF5 /* installed@3x.png in Resources */ = {isa = PBXBuildFile; fileRef = ABB6B2182269EAD40034FFF5 /* installed@3x.png */; };
		ABB6B2282269EF550034FFF5 /* Navigators.swift in Sources */ = {isa = PBXBuildFile; fileRef = ABB6B2272269EF550034FFF5 /* Navigators.swift */; };
		ABB6B2572269F9590034FFF5 /* Saily_UI_Discover.swift in Sources */ = {isa = PBXBuildFile; fileRef = ABB6B2562269F9590034FFF5 /* Saily_UI_Discover.swift */; };
		ABDFA29B226F304A00E04BE4 /* mafufulove.png in Resources */ = {isa = PBXBuildFile; fileRef = ABDFA29A226F304A00E04BE4 /* mafufulove.png */; };
		ABDFA29F226F36D300E04BE4 /* Saily_Exchange_AUTH_NONE.swift in Sources */ = {isa = PBXBuildFile; fileRef = ABDFA29E226F36D300E04BE4 /* Saily_Exchange_AUTH_NONE.swift */; };
		ABDFA2C5226F652E00E04BE4 /* share.png in Resources */ = {isa = PBXBuildFile; fileRef = ABDFA2C4226F652E00E04BE4 /* share.png */; };
		ABDFA2C7226F676800E04BE4 /* Web.png in Resources */ = {isa = PBXBuildFile; fileRef = ABDFA2C6226F676700E04BE4 /* Web.png */; };
		ABDFA2C9226F67CB00E04BE4 /* dollor.png in Resources */ = {isa = PBXBuildFile; fileRef = ABDFA2C8226F67CA00E04BE4 /* dollor.png */; };
		ABDFA2CD226F778A00E04BE4 /* download.png in Resources */ = {isa = PBXBuildFile; fileRef = ABDFA2CC226F778900E04BE4 /* download.png */; };
		ABDFA2CF226F81F600E04BE4 /* SileoString in Resources */ = {isa = PBXBuildFile; fileRef = ABDFA2CE226F81F600E04BE4 /* SileoString */; };
		ABDFA2DC2270798F00E04BE4 /* UIView+Shine.swift in Sources */ = {isa = PBXBuildFile; fileRef = ABDFA2DB2270798F00E04BE4 /* UIView+Shine.swift */; };
		ABE66B772269DB6500375C3E /* AppDelegate.swift in Sources */ = {isa = PBXBuildFile; fileRef = ABE66B762269DB6500375C3E /* AppDelegate.swift */; };
		ABE66B7E2269DB6500375C3E /* Main.storyboard in Resources */ = {isa = PBXBuildFile; fileRef = ABE66B7C2269DB6500375C3E /* Main.storyboard */; };
		ABE66B802269DB6500375C3E /* Assets.xcassets in Resources */ = {isa = PBXBuildFile; fileRef = ABE66B7F2269DB6500375C3E /* Assets.xcassets */; };
		ABE66B832269DB6500375C3E /* LaunchScreen.storyboard in Resources */ = {isa = PBXBuildFile; fileRef = ABE66B812269DB6500375C3E /* LaunchScreen.storyboard */; };
		ABE66BC52269DBE300375C3E /* main.m in Sources */ = {isa = PBXBuildFile; fileRef = ABE66BC42269DBE300375C3E /* main.m */; };
		ABE66BD92269DFF800375C3E /* Podfile in Resources */ = {isa = PBXBuildFile; fileRef = ABE66BD82269DFF800375C3E /* Podfile */; };
		ABF45AAE2271AF9D00CBFA1C /* mafumafu.png in Resources */ = {isa = PBXBuildFile; fileRef = ABF45AAD2271AF9C00CBFA1C /* mafumafu.png */; };
		BBCBFFB48D45123B5260D7B2 /* libPods-Daemon.a in Frameworks */ = {isa = PBXBuildFile; fileRef = 1DAF66B95A838CF3C5B7BFC5 /* libPods-Daemon.a */; };
/* End PBXBuildFile section */

/* Begin PBXFileReference section */
		1DAF66B95A838CF3C5B7BFC5 /* libPods-Daemon.a */ = {isa = PBXFileReference; explicitFileType = archive.ar; includeInIndex = 0; path = "libPods-Daemon.a"; sourceTree = BUILT_PRODUCTS_DIR; };
		2DC932C764F35C211DC693C0 /* Pods-Saily Package Manager.release.xcconfig */ = {isa = PBXFileReference; includeInIndex = 1; lastKnownFileType = text.xcconfig; name = "Pods-Saily Package Manager.release.xcconfig"; path = "Target Support Files/Pods-Saily Package Manager/Pods-Saily Package Manager.release.xcconfig"; sourceTree = "<group>"; };
		4BBAF65C26F5CF16180C17EB /* Pods-Daemon.release.xcconfig */ = {isa = PBXFileReference; includeInIndex = 1; lastKnownFileType = text.xcconfig; name = "Pods-Daemon.release.xcconfig"; path = "Target Support Files/Pods-Daemon/Pods-Daemon.release.xcconfig"; sourceTree = "<group>"; };
		5E75156FF8A25029C4BB5593 /* Pods_Saily_Package_Manager.framework */ = {isa = PBXFileReference; explicitFileType = wrapper.framework; includeInIndex = 0; path = Pods_Saily_Package_Manager.framework; sourceTree = BUILT_PRODUCTS_DIR; };
		653861874B308E7640FC7B68 /* Pods-Daemon.debug.xcconfig */ = {isa = PBXFileReference; includeInIndex = 1; lastKnownFileType = text.xcconfig; name = "Pods-Daemon.debug.xcconfig"; path = "Target Support Files/Pods-Daemon/Pods-Daemon.debug.xcconfig"; sourceTree = "<group>"; };
		AB0DA4C32273488200633B30 /* tweakIcon.png */ = {isa = PBXFileReference; lastKnownFileType = image.png; path = tweakIcon.png; sourceTree = "<group>"; };
		AB0DA4DC2274158700633B30 /* menu_gray@3x.png */ = {isa = PBXFileReference; lastKnownFileType = image.png; path = "menu_gray@3x.png"; sourceTree = "<group>"; };
		AB0DA4DD2274158700633B30 /* menu_blue@3x.png */ = {isa = PBXFileReference; lastKnownFileType = image.png; path = "menu_blue@3x.png"; sourceTree = "<group>"; };
		AB102D2A226AE219005348A9 /* Saily_UI_Sectiosn.swift */ = {isa = PBXFileReference; lastKnownFileType = sourcecode.swift; path = Saily_UI_Sectiosn.swift; sourceTree = "<group>"; };
		AB102D2E226AF9F7005348A9 /* Folder.png */ = {isa = PBXFileReference; lastKnownFileType = image.png; path = Folder.png; sourceTree = "<group>"; };
		AB102D30226B0174005348A9 /* PackageCar.png */ = {isa = PBXFileReference; lastKnownFileType = image.png; path = PackageCar.png; sourceTree = "<group>"; };
		AB102D3A226B1E00005348A9 /* Saily_UI_Packages.swift */ = {isa = PBXFileReference; lastKnownFileType = sourcecode.swift; path = Saily_UI_Packages.swift; sourceTree = "<group>"; };
		AB153AEB2270AB490084D365 /* tweaksss.png */ = {isa = PBXFileReference; lastKnownFileType = image.png; path = tweaksss.png; sourceTree = "<group>"; };
		AB153AEF2270B7960084D365 /* setting_blue.png */ = {isa = PBXFileReference; lastKnownFileType = image.png; path = setting_blue.png; sourceTree = "<group>"; };
		AB153AF02270B7960084D365 /* setting_gary.png */ = {isa = PBXFileReference; lastKnownFileType = image.png; path = setting_gary.png; sourceTree = "<group>"; };
		AB153AF32270BD2E0084D365 /* Saily_UI_Queue.swift */ = {isa = PBXFileReference; lastKnownFileType = sourcecode.swift; path = Saily_UI_Queue.swift; sourceTree = "<group>"; };
		AB153AF92270C8110084D365 /* zh-Hans */ = {isa = PBXFileReference; lastKnownFileType = text.plist.strings; name = "zh-Hans"; path = "zh-Hans.lproj/Main.strings"; sourceTree = "<group>"; };
		AB153AFB2270C83F0084D365 /* zh-Hans */ = {isa = PBXFileReference; lastKnownFileType = text.plist.strings; name = "zh-Hans"; path = "zh-Hans.lproj/Localizable.strings"; sourceTree = SOURCE_ROOT; };
		AB6565BD226A2C5900E796E5 /* Saily_UI_Repos.swift */ = {isa = PBXFileReference; lastKnownFileType = sourcecode.swift; path = Saily_UI_Repos.swift; sourceTree = "<group>"; };
		AB6565BF226A3A6E00E796E5 /* next.png */ = {isa = PBXFileReference; lastKnownFileType = image.png; path = next.png; sourceTree = "<group>"; };
		AB6565C1226A460300E796E5 /* edit@3x.png */ = {isa = PBXFileReference; lastKnownFileType = image.png; path = "edit@3x.png"; sourceTree = "<group>"; };
		AB6565C5226A465100E796E5 /* add@3x.png */ = {isa = PBXFileReference; lastKnownFileType = image.png; path = "add@3x.png"; sourceTree = "<group>"; };
		AB86503D227715F900A9A9BE /* Saily_UI_Submitter.swift */ = {isa = PBXFileReference; lastKnownFileType = sourcecode.swift; path = Saily_UI_Submitter.swift; sourceTree = "<group>"; };
		AB86AFD9226A09FB0021EB89 /* CardCellKind2.swift */ = {isa = PBXFileReference; fileEncoding = 4; lastKnownFileType = sourcecode.swift; path = CardCellKind2.swift; sourceTree = "<group>"; };
		AB86AFDA226A09FB0021EB89 /* PlaceHolderLight.png */ = {isa = PBXFileReference; lastKnownFileType = image.png; path = PlaceHolderLight.png; sourceTree = "<group>"; };
		AB86AFDC226A09FB0021EB89 /* PlaceHolderDark.jpg */ = {isa = PBXFileReference; lastKnownFileType = image.jpeg; path = PlaceHolderDark.jpg; sourceTree = "<group>"; };
		AB86AFDE226A09FB0021EB89 /* CardCellKind1.swift */ = {isa = PBXFileReference; fileEncoding = 4; lastKnownFileType = sourcecode.swift; path = CardCellKind1.swift; sourceTree = "<group>"; };
		AB86AFE0226A09FB0021EB89 /* WHITE.png */ = {isa = PBXFileReference; lastKnownFileType = image.png; path = WHITE.png; sourceTree = "<group>"; };
		AB86AFEC226A107B0021EB89 /* PackageDownloadView.swift */ = {isa = PBXFileReference; lastKnownFileType = sourcecode.swift; path = PackageDownloadView.swift; sourceTree = "<group>"; };
		AB86AFFC226A12AC0021EB89 /* UIViewExtension.swift */ = {isa = PBXFileReference; lastKnownFileType = sourcecode.swift; path = UIViewExtension.swift; sourceTree = "<group>"; };
		AB86B002226A13BB0021EB89 /* DiscoverClass.swift */ = {isa = PBXFileReference; lastKnownFileType = sourcecode.swift; path = DiscoverClass.swift; sourceTree = "<group>"; };
		AB8AF78F226B3CC1006AA919 /* Saily_UI_Search.swift */ = {isa = PBXFileReference; lastKnownFileType = sourcecode.swift; path = Saily_UI_Search.swift; sourceTree = "<group>"; };
		AB8AF797226C33C8006AA919 /* Saily_UI_Manage.swift */ = {isa = PBXFileReference; fileEncoding = 4; lastKnownFileType = sourcecode.swift; path = Saily_UI_Manage.swift; sourceTree = "<group>"; };
		AB8AF79F226C8973006AA919 /* preview */ = {isa = PBXFileReference; lastKnownFileType = text; name = preview; path = ../../../../../SailyHomePagePreview/preview; sourceTree = "<group>"; };
		AB8AF7A0226C960E006AA919 /* PlaceHolder.png */ = {isa = PBXFileReference; lastKnownFileType = image.png; path = PlaceHolder.png; sourceTree = "<group>"; };
		AB8AF7AE226CCEF3006AA919 /* SocialPreview.png */ = {isa = PBXFileReference; lastKnownFileType = image.png; path = SocialPreview.png; sourceTree = "<group>"; };
		AB8AF7B2226CD5D1006AA919 /* Saily_UI_Discover_Detail.swift */ = {isa = PBXFileReference; lastKnownFileType = sourcecode.swift; path = Saily_UI_Discover_Detail.swift; sourceTree = "<group>"; };
		ABB35B15226DFCC3009E4D07 /* mafumafu_dead_rul.png */ = {isa = PBXFileReference; lastKnownFileType = image.png; path = mafumafu_dead_rul.png; sourceTree = "<group>"; };
		ABB35B19226E0C6A009E4D07 /* Saily_UI_Tweak_Native.swift */ = {isa = PBXFileReference; lastKnownFileType = sourcecode.swift; path = Saily_UI_Tweak_Native.swift; sourceTree = "<group>"; };
		ABB35B1B226E0C7A009E4D07 /* Saily_UI_Tweak_Webkit.swift */ = {isa = PBXFileReference; lastKnownFileType = sourcecode.swift; path = Saily_UI_Tweak_Webkit.swift; sourceTree = "<group>"; };
		ABB6B1DE2269E25C0034FFF5 /* RootClass.swift */ = {isa = PBXFileReference; lastKnownFileType = sourcecode.swift; path = RootClass.swift; sourceTree = "<group>"; };
		ABB6B1E22269E3260034FFF5 /* OperatorsClass.swift */ = {isa = PBXFileReference; lastKnownFileType = sourcecode.swift; path = OperatorsClass.swift; sourceTree = "<group>"; };
		ABB6B1E42269E3B60034FFF5 /* RepoClass.swift */ = {isa = PBXFileReference; lastKnownFileType = sourcecode.swift; path = RepoClass.swift; sourceTree = "<group>"; };
		ABB6B1E82269E85B0034FFF5 /* UIDeviceExtension.swift */ = {isa = PBXFileReference; lastKnownFileType = sourcecode.swift; path = UIDeviceExtension.swift; sourceTree = "<group>"; };
		ABB6B1EF2269E93A0034FFF5 /* Saily Package Manager-Bridging-Header.h */ = {isa = PBXFileReference; lastKnownFileType = sourcecode.c.h; path = "Saily Package Manager-Bridging-Header.h"; sourceTree = "<group>"; };
		ABB6B1F02269E93A0034FFF5 /* BridgerObjC.m */ = {isa = PBXFileReference; fileEncoding = 4; lastKnownFileType = sourcecode.c.objc; path = BridgerObjC.m; sourceTree = "<group>"; };
		ABB6B1F12269E93A0034FFF5 /* BridgerObjC.h */ = {isa = PBXFileReference; fileEncoding = 4; lastKnownFileType = sourcecode.c.h; path = BridgerObjC.h; sourceTree = "<group>"; };
		ABB6B1F42269E94B0034FFF5 /* MobileGestalt.h */ = {isa = PBXFileReference; fileEncoding = 4; lastKnownFileType = sourcecode.c.h; path = MobileGestalt.h; sourceTree = "<group>"; };
		ABB6B1F62269E94B0034FFF5 /* Documentation.html */ = {isa = PBXFileReference; fileEncoding = 4; lastKnownFileType = text.html; path = Documentation.html; sourceTree = "<group>"; };
		ABB6B1F72269E94B0034FFF5 /* GCDAsyncUdpSocket.m */ = {isa = PBXFileReference; fileEncoding = 4; lastKnownFileType = sourcecode.c.objc; path = GCDAsyncUdpSocket.m; sourceTree = "<group>"; };
		ABB6B1F82269E94B0034FFF5 /* GCDAsyncSocket.m */ = {isa = PBXFileReference; fileEncoding = 4; lastKnownFileType = sourcecode.c.objc; path = GCDAsyncSocket.m; sourceTree = "<group>"; };
		ABB6B1F92269E94B0034FFF5 /* GCDAsyncUdpSocket.h */ = {isa = PBXFileReference; fileEncoding = 4; lastKnownFileType = sourcecode.c.h; path = GCDAsyncUdpSocket.h; sourceTree = "<group>"; };
		ABB6B1FA2269E94B0034FFF5 /* GCDAsyncSocket.h */ = {isa = PBXFileReference; fileEncoding = 4; lastKnownFileType = sourcecode.c.h; path = GCDAsyncSocket.h; sourceTree = "<group>"; };
		ABB6B1FC2269E94B0034FFF5 /* SFWebServerRouter.h */ = {isa = PBXFileReference; fileEncoding = 4; lastKnownFileType = sourcecode.c.h; path = SFWebServerRouter.h; sourceTree = "<group>"; };
		ABB6B1FD2269E94B0034FFF5 /* SFWebServerRequest.m */ = {isa = PBXFileReference; fileEncoding = 4; lastKnownFileType = sourcecode.c.objc; path = SFWebServerRequest.m; sourceTree = "<group>"; };
		ABB6B1FE2269E94B0034FFF5 /* SFWebServer.m */ = {isa = PBXFileReference; fileEncoding = 4; lastKnownFileType = sourcecode.c.objc; path = SFWebServer.m; sourceTree = "<group>"; };
		ABB6B1FF2269E94B0034FFF5 /* SFWebServerRespone.m */ = {isa = PBXFileReference; fileEncoding = 4; lastKnownFileType = sourcecode.c.objc; path = SFWebServerRespone.m; sourceTree = "<group>"; };
		ABB6B2002269E94B0034FFF5 /* SFWebServerRouter.m */ = {isa = PBXFileReference; fileEncoding = 4; lastKnownFileType = sourcecode.c.objc; path = SFWebServerRouter.m; sourceTree = "<group>"; };
		ABB6B2012269E94B0034FFF5 /* SFWebServerRequest.h */ = {isa = PBXFileReference; fileEncoding = 4; lastKnownFileType = sourcecode.c.h; path = SFWebServerRequest.h; sourceTree = "<group>"; };
		ABB6B2022269E94B0034FFF5 /* SFWebServerRespone.h */ = {isa = PBXFileReference; fileEncoding = 4; lastKnownFileType = sourcecode.c.h; path = SFWebServerRespone.h; sourceTree = "<group>"; };
		ABB6B2032269E94B0034FFF5 /* SFWebServer.h */ = {isa = PBXFileReference; fileEncoding = 4; lastKnownFileType = sourcecode.c.h; path = SFWebServer.h; sourceTree = "<group>"; };
		ABB6B20B2269EAD20034FFF5 /* PlaceholderUPT.png */ = {isa = PBXFileReference; lastKnownFileType = image.png; path = PlaceholderUPT.png; sourceTree = "<group>"; };
		ABB6B20C2269EAD30034FFF5 /* BGBlue.png */ = {isa = PBXFileReference; lastKnownFileType = image.png; path = BGBlue.png; sourceTree = "<group>"; };
		ABB6B20D2269EAD30034FFF5 /* repo_bigboss.png */ = {isa = PBXFileReference; lastKnownFileType = image.png; path = repo_bigboss.png; sourceTree = "<group>"; };
		ABB6B20E2269EAD30034FFF5 /* source@3x.png */ = {isa = PBXFileReference; lastKnownFileType = image.png; path = "source@3x.png"; sourceTree = "<group>"; };
		ABB6B20F2269EAD30034FFF5 /* iConWhiteTransparent.png */ = {isa = PBXFileReference; lastKnownFileType = image.png; path = iConWhiteTransparent.png; sourceTree = "<group>"; };
		ABB6B2102269EAD30034FFF5 /* PlaceholderInT.png */ = {isa = PBXFileReference; lastKnownFileType = image.png; path = PlaceholderInT.png; sourceTree = "<group>"; };
		ABB6B2112269EAD30034FFF5 /* PlaceholderDownT.png */ = {isa = PBXFileReference; lastKnownFileType = image.png; path = PlaceholderDownT.png; sourceTree = "<group>"; };
		ABB6B2122269EAD30034FFF5 /* discover@3x.png */ = {isa = PBXFileReference; lastKnownFileType = image.png; path = "discover@3x.png"; sourceTree = "<group>"; };
		ABB6B2132269EAD40034FFF5 /* search@3x.png */ = {isa = PBXFileReference; lastKnownFileType = image.png; path = "search@3x.png"; sourceTree = "<group>"; };
		ABB6B2142269EAD40034FFF5 /* downshade.png */ = {isa = PBXFileReference; lastKnownFileType = image.png; path = downshade.png; sourceTree = "<group>"; };
		ABB6B2152269EAD40034FFF5 /* iCon.png */ = {isa = PBXFileReference; lastKnownFileType = image.png; path = iCon.png; sourceTree = "<group>"; };
		ABB6B2162269EAD40034FFF5 /* iConRound.png */ = {isa = PBXFileReference; lastKnownFileType = image.png; path = iConRound.png; sourceTree = "<group>"; };
		ABB6B2172269EAD40034FFF5 /* upshade.png */ = {isa = PBXFileReference; lastKnownFileType = image.png; path = upshade.png; sourceTree = "<group>"; };
		ABB6B2182269EAD40034FFF5 /* installed@3x.png */ = {isa = PBXFileReference; lastKnownFileType = image.png; path = "installed@3x.png"; sourceTree = "<group>"; };
		ABB6B2272269EF550034FFF5 /* Navigators.swift */ = {isa = PBXFileReference; lastKnownFileType = sourcecode.swift; path = Navigators.swift; sourceTree = "<group>"; };
		ABB6B2562269F9590034FFF5 /* Saily_UI_Discover.swift */ = {isa = PBXFileReference; lastKnownFileType = sourcecode.swift; path = Saily_UI_Discover.swift; sourceTree = "<group>"; };
		ABDFA29A226F304A00E04BE4 /* mafufulove.png */ = {isa = PBXFileReference; lastKnownFileType = image.png; path = mafufulove.png; sourceTree = "<group>"; };
		ABDFA29E226F36D300E04BE4 /* Saily_Exchange_AUTH_NONE.swift */ = {isa = PBXFileReference; lastKnownFileType = sourcecode.swift; path = Saily_Exchange_AUTH_NONE.swift; sourceTree = "<group>"; };
		ABDFA2C4226F652E00E04BE4 /* share.png */ = {isa = PBXFileReference; lastKnownFileType = image.png; path = share.png; sourceTree = "<group>"; };
		ABDFA2C6226F676700E04BE4 /* Web.png */ = {isa = PBXFileReference; lastKnownFileType = image.png; path = Web.png; sourceTree = "<group>"; };
		ABDFA2C8226F67CA00E04BE4 /* dollor.png */ = {isa = PBXFileReference; lastKnownFileType = image.png; path = dollor.png; sourceTree = "<group>"; };
		ABDFA2CC226F778900E04BE4 /* download.png */ = {isa = PBXFileReference; lastKnownFileType = image.png; path = download.png; sourceTree = "<group>"; };
		ABDFA2CE226F81F600E04BE4 /* SileoString */ = {isa = PBXFileReference; explicitFileType = text.json; path = SileoString; sourceTree = "<group>"; };
		ABDFA2DB2270798F00E04BE4 /* UIView+Shine.swift */ = {isa = PBXFileReference; fileEncoding = 4; lastKnownFileType = sourcecode.swift; path = "UIView+Shine.swift"; sourceTree = "<group>"; };
		ABE66B732269DB6500375C3E /* Saily Package Manager.app */ = {isa = PBXFileReference; explicitFileType = wrapper.application; includeInIndex = 0; path = "Saily Package Manager.app"; sourceTree = BUILT_PRODUCTS_DIR; };
		ABE66B762269DB6500375C3E /* AppDelegate.swift */ = {isa = PBXFileReference; lastKnownFileType = sourcecode.swift; path = AppDelegate.swift; sourceTree = "<group>"; };
		ABE66B7D2269DB6500375C3E /* Base */ = {isa = PBXFileReference; lastKnownFileType = file.storyboard; name = Base; path = Base.lproj/Main.storyboard; sourceTree = "<group>"; };
		ABE66B7F2269DB6500375C3E /* Assets.xcassets */ = {isa = PBXFileReference; lastKnownFileType = folder.assetcatalog; path = Assets.xcassets; sourceTree = "<group>"; };
		ABE66B822269DB6500375C3E /* Base */ = {isa = PBXFileReference; lastKnownFileType = file.storyboard; name = Base; path = Base.lproj/LaunchScreen.storyboard; sourceTree = "<group>"; };
		ABE66B842269DB6500375C3E /* Info.plist */ = {isa = PBXFileReference; lastKnownFileType = text.plist.xml; path = Info.plist; sourceTree = "<group>"; };
		ABE66BBB2269DBE300375C3E /* Daemon */ = {isa = PBXFileReference; explicitFileType = "compiled.mach-o.executable"; includeInIndex = 0; path = Daemon; sourceTree = BUILT_PRODUCTS_DIR; };
		ABE66BBF2269DBE300375C3E /* control */ = {isa = PBXFileReference; lastKnownFileType = text; name = control; path = Package/DEBIAN/control; sourceTree = "<group>"; };
		ABE66BC02269DBE300375C3E /* monkeydev.entitlements */ = {isa = PBXFileReference; lastKnownFileType = text.plist.entitlements; path = monkeydev.entitlements; sourceTree = "<group>"; };
		ABE66BC42269DBE300375C3E /* main.m */ = {isa = PBXFileReference; lastKnownFileType = sourcecode.c.objc; path = main.m; sourceTree = "<group>"; };
		ABE66BD32269DCC200375C3E /* com.lakr233.jw.SailyStartupDaemon.plist */ = {isa = PBXFileReference; fileEncoding = 4; lastKnownFileType = text.plist.xml; path = com.lakr233.jw.SailyStartupDaemon.plist; sourceTree = "<group>"; };
		ABE66BD42269DCED00375C3E /* postinst */ = {isa = PBXFileReference; lastKnownFileType = text; path = postinst; sourceTree = "<group>"; };
		ABE66BD52269DCED00375C3E /* prerm */ = {isa = PBXFileReference; lastKnownFileType = text; path = prerm; sourceTree = "<group>"; };
		ABE66BD62269DCED00375C3E /* postrm */ = {isa = PBXFileReference; lastKnownFileType = text; path = postrm; sourceTree = "<group>"; };
		ABE66BD72269DCED00375C3E /* preinst */ = {isa = PBXFileReference; lastKnownFileType = text; path = preinst; sourceTree = "<group>"; };
		ABE66BD82269DFF800375C3E /* Podfile */ = {isa = PBXFileReference; fileEncoding = 4; lastKnownFileType = text; path = Podfile; sourceTree = SOURCE_ROOT; xcLanguageSpecificationIdentifier = xcode.lang.ruby; };
		ABF45AAD2271AF9C00CBFA1C /* mafumafu.png */ = {isa = PBXFileReference; lastKnownFileType = image.png; path = mafumafu.png; sourceTree = "<group>"; };
		ABF45AAF2271B3A500CBFA1C /* .bartycrouch.toml */ = {isa = PBXFileReference; lastKnownFileType = text; path = .bartycrouch.toml; sourceTree = SOURCE_ROOT; };
		D53548BC166D17B37EFB5750 /* Pods-Saily Package Manager.debug.xcconfig */ = {isa = PBXFileReference; includeInIndex = 1; lastKnownFileType = text.xcconfig; name = "Pods-Saily Package Manager.debug.xcconfig"; path = "Target Support Files/Pods-Saily Package Manager/Pods-Saily Package Manager.debug.xcconfig"; sourceTree = "<group>"; };
/* End PBXFileReference section */

/* Begin PBXFrameworksBuildPhase section */
		ABE66B702269DB6500375C3E /* Frameworks */ = {
			isa = PBXFrameworksBuildPhase;
			buildActionMask = 2147483647;
			files = (
				2FC54ED835817E2AF5051F24 /* Pods_Saily_Package_Manager.framework in Frameworks */,
			);
			runOnlyForDeploymentPostprocessing = 0;
		};
		ABE66BB82269DBE300375C3E /* Frameworks */ = {
			isa = PBXFrameworksBuildPhase;
			buildActionMask = 2147483647;
			files = (
				BBCBFFB48D45123B5260D7B2 /* libPods-Daemon.a in Frameworks */,
			);
			runOnlyForDeploymentPostprocessing = 0;
		};
/* End PBXFrameworksBuildPhase section */

/* Begin PBXGroup section */
		1471746A672D754885E360DD /* Pods */ = {
			isa = PBXGroup;
			children = (
				ABE66BD82269DFF800375C3E /* Podfile */,
				653861874B308E7640FC7B68 /* Pods-Daemon.debug.xcconfig */,
				4BBAF65C26F5CF16180C17EB /* Pods-Daemon.release.xcconfig */,
				D53548BC166D17B37EFB5750 /* Pods-Saily Package Manager.debug.xcconfig */,
				2DC932C764F35C211DC693C0 /* Pods-Saily Package Manager.release.xcconfig */,
			);
			path = Pods;
			sourceTree = "<group>";
		};
		AB86AFD5226A09FB0021EB89 /* Views */ = {
			isa = PBXGroup;
			children = (
				AB8AF79F226C8973006AA919 /* preview */,
				ABDFA2CE226F81F600E04BE4 /* SileoString */,
				AB86AFE0226A09FB0021EB89 /* WHITE.png */,
				AB86AFDA226A09FB0021EB89 /* PlaceHolderLight.png */,
				AB86AFDC226A09FB0021EB89 /* PlaceHolderDark.jpg */,
				AB86AFDE226A09FB0021EB89 /* CardCellKind1.swift */,
				AB86AFD9226A09FB0021EB89 /* CardCellKind2.swift */,
				AB86AFEC226A107B0021EB89 /* PackageDownloadView.swift */,
			);
			path = Views;
			sourceTree = "<group>";
		};
		ABB6B1E62269E8360034FFF5 /* Apps */ = {
			isa = PBXGroup;
			children = (
				AB86AFD5226A09FB0021EB89 /* Views */,
				ABE66B762269DB6500375C3E /* AppDelegate.swift */,
				ABB6B2272269EF550034FFF5 /* Navigators.swift */,
				ABB6B2562269F9590034FFF5 /* Saily_UI_Discover.swift */,
				AB153AF32270BD2E0084D365 /* Saily_UI_Queue.swift */,
				AB86503D227715F900A9A9BE /* Saily_UI_Submitter.swift */,
				AB8AF7B2226CD5D1006AA919 /* Saily_UI_Discover_Detail.swift */,
				AB6565BD226A2C5900E796E5 /* Saily_UI_Repos.swift */,
				AB102D2A226AE219005348A9 /* Saily_UI_Sectiosn.swift */,
				AB102D3A226B1E00005348A9 /* Saily_UI_Packages.swift */,
				AB8AF797226C33C8006AA919 /* Saily_UI_Manage.swift */,
				AB8AF78F226B3CC1006AA919 /* Saily_UI_Search.swift */,
				ABB35B19226E0C6A009E4D07 /* Saily_UI_Tweak_Native.swift */,
				ABB35B1B226E0C7A009E4D07 /* Saily_UI_Tweak_Webkit.swift */,
			);
			path = Apps;
			sourceTree = "<group>";
		};
		ABB6B1E72269E8440034FFF5 /* ApartCodes */ = {
			isa = PBXGroup;
			children = (
				ABB6B1DE2269E25C0034FFF5 /* RootClass.swift */,
				ABB6B1E42269E3B60034FFF5 /* RepoClass.swift */,
				AB86B002226A13BB0021EB89 /* DiscoverClass.swift */,
				ABB6B1E22269E3260034FFF5 /* OperatorsClass.swift */,
				AB86AFFC226A12AC0021EB89 /* UIViewExtension.swift */,
				ABDFA2DB2270798F00E04BE4 /* UIView+Shine.swift */,
				ABB6B1E82269E85B0034FFF5 /* UIDeviceExtension.swift */,
				ABDFA29E226F36D300E04BE4 /* Saily_Exchange_AUTH_NONE.swift */,
			);
			path = ApartCodes;
			sourceTree = "<group>";
		};
		ABB6B1EA2269E9030034FFF5 /* Objective-C */ = {
			isa = PBXGroup;
			children = (
				ABB6B1F32269E94B0034FFF5 /* SupportingFile */,
				ABB6B1F12269E93A0034FFF5 /* BridgerObjC.h */,
				ABB6B1F02269E93A0034FFF5 /* BridgerObjC.m */,
				ABB6B1EF2269E93A0034FFF5 /* Saily Package Manager-Bridging-Header.h */,
			);
			path = "Objective-C";
			sourceTree = "<group>";
		};
		ABB6B1F32269E94B0034FFF5 /* SupportingFile */ = {
			isa = PBXGroup;
			children = (
				ABB6B1F42269E94B0034FFF5 /* MobileGestalt.h */,
				ABB6B1F52269E94B0034FFF5 /* CocoaAsyncSocket */,
				ABB6B1FB2269E94B0034FFF5 /* SFWebServer */,
			);
			path = SupportingFile;
			sourceTree = "<group>";
		};
		ABB6B1F52269E94B0034FFF5 /* CocoaAsyncSocket */ = {
			isa = PBXGroup;
			children = (
				ABB6B1F62269E94B0034FFF5 /* Documentation.html */,
				ABB6B1F72269E94B0034FFF5 /* GCDAsyncUdpSocket.m */,
				ABB6B1F82269E94B0034FFF5 /* GCDAsyncSocket.m */,
				ABB6B1F92269E94B0034FFF5 /* GCDAsyncUdpSocket.h */,
				ABB6B1FA2269E94B0034FFF5 /* GCDAsyncSocket.h */,
			);
			path = CocoaAsyncSocket;
			sourceTree = "<group>";
		};
		ABB6B1FB2269E94B0034FFF5 /* SFWebServer */ = {
			isa = PBXGroup;
			children = (
				ABB6B1FC2269E94B0034FFF5 /* SFWebServerRouter.h */,
				ABB6B1FD2269E94B0034FFF5 /* SFWebServerRequest.m */,
				ABB6B1FE2269E94B0034FFF5 /* SFWebServer.m */,
				ABB6B1FF2269E94B0034FFF5 /* SFWebServerRespone.m */,
				ABB6B2002269E94B0034FFF5 /* SFWebServerRouter.m */,
				ABB6B2012269E94B0034FFF5 /* SFWebServerRequest.h */,
				ABB6B2022269E94B0034FFF5 /* SFWebServerRespone.h */,
				ABB6B2032269E94B0034FFF5 /* SFWebServer.h */,
			);
			path = SFWebServer;
			sourceTree = "<group>";
		};
		ABE66B6A2269DB6500375C3E = {
			isa = PBXGroup;
			children = (
				ABE66B752269DB6500375C3E /* Saily Package Manager */,
				ABE66BBC2269DBE300375C3E /* Daemon */,
				ABE66B742269DB6500375C3E /* Products */,
				1471746A672D754885E360DD /* Pods */,
				D78864603285D13A3B6AFCD0 /* Frameworks */,
			);
			sourceTree = "<group>";
		};
		ABE66B742269DB6500375C3E /* Products */ = {
			isa = PBXGroup;
			children = (
				ABE66B732269DB6500375C3E /* Saily Package Manager.app */,
				ABE66BBB2269DBE300375C3E /* Daemon */,
			);
			name = Products;
			sourceTree = "<group>";
		};
		ABE66B752269DB6500375C3E /* Saily Package Manager */ = {
			isa = PBXGroup;
			children = (
				ABB6B1E62269E8360034FFF5 /* Apps */,
				ABB6B1E72269E8440034FFF5 /* ApartCodes */,
				ABB6B1EA2269E9030034FFF5 /* Objective-C */,
				ABE66B7C2269DB6500375C3E /* Main.storyboard */,
				ABE66B812269DB6500375C3E /* LaunchScreen.storyboard */,
				ABF45AAF2271B3A500CBFA1C /* .bartycrouch.toml */,
				ABE66B7F2269DB6500375C3E /* Assets.xcassets */,
				ABE66BA62269DB8900375C3E /* Images */,
				ABE66B842269DB6500375C3E /* Info.plist */,
				AB153AFA2270C83F0084D365 /* Localizable.strings */,
			);
			path = "Saily Package Manager";
			sourceTree = "<group>";
		};
		ABE66BA62269DB8900375C3E /* Images */ = {
			isa = PBXGroup;
			children = (
				AB153AEF2270B7960084D365 /* setting_blue.png */,
				AB153AF02270B7960084D365 /* setting_gary.png */,
				AB153AEB2270AB490084D365 /* tweaksss.png */,
				ABDFA2CC226F778900E04BE4 /* download.png */,
				ABDFA2C8226F67CA00E04BE4 /* dollor.png */,
				ABDFA2C6226F676700E04BE4 /* Web.png */,
				ABDFA2C4226F652E00E04BE4 /* share.png */,
				ABB35B15226DFCC3009E4D07 /* mafumafu_dead_rul.png */,
				ABF45AAD2271AF9C00CBFA1C /* mafumafu.png */,
				ABDFA29A226F304A00E04BE4 /* mafufulove.png */,
				AB8AF7AE226CCEF3006AA919 /* SocialPreview.png */,
				AB8AF7A0226C960E006AA919 /* PlaceHolder.png */,
				AB0DA4C32273488200633B30 /* tweakIcon.png */,
				AB102D30226B0174005348A9 /* PackageCar.png */,
				AB102D2E226AF9F7005348A9 /* Folder.png */,
				AB6565C5226A465100E796E5 /* add@3x.png */,
				AB6565C1226A460300E796E5 /* edit@3x.png */,
				AB6565BF226A3A6E00E796E5 /* next.png */,
				ABB6B20D2269EAD30034FFF5 /* repo_bigboss.png */,
				ABB6B20C2269EAD30034FFF5 /* BGBlue.png */,
				ABB6B20F2269EAD30034FFF5 /* iConWhiteTransparent.png */,
				ABB6B2112269EAD30034FFF5 /* PlaceholderDownT.png */,
				ABB6B2102269EAD30034FFF5 /* PlaceholderInT.png */,
				ABB6B20B2269EAD20034FFF5 /* PlaceholderUPT.png */,
				ABB6B2152269EAD40034FFF5 /* iCon.png */,
				ABB6B2162269EAD40034FFF5 /* iConRound.png */,
				ABB6B2122269EAD30034FFF5 /* discover@3x.png */,
				ABB6B20E2269EAD30034FFF5 /* source@3x.png */,
				ABB6B2182269EAD40034FFF5 /* installed@3x.png */,
				ABB6B2132269EAD40034FFF5 /* search@3x.png */,
				ABB6B2142269EAD40034FFF5 /* downshade.png */,
				ABB6B2172269EAD40034FFF5 /* upshade.png */,
				AB0DA4DD2274158700633B30 /* menu_blue@3x.png */,
				AB0DA4DC2274158700633B30 /* menu_gray@3x.png */,
			);
			path = Images;
			sourceTree = "<group>";
		};
		ABE66BBC2269DBE300375C3E /* Daemon */ = {
			isa = PBXGroup;
			children = (
				ABE66BC02269DBE300375C3E /* monkeydev.entitlements */,
				ABE66BC42269DBE300375C3E /* main.m */,
				ABE66BBD2269DBE300375C3E /* Package */,
			);
			path = Daemon;
			sourceTree = "<group>";
		};
		ABE66BBD2269DBE300375C3E /* Package */ = {
			isa = PBXGroup;
			children = (
				ABE66BD12269DCC200375C3E /* Library */,
				ABE66BBE2269DBE300375C3E /* DEBIAN */,
				ABE66BC12269DBE300375C3E /* usr */,
			);
			name = Package;
			sourceTree = "<group>";
		};
		ABE66BBE2269DBE300375C3E /* DEBIAN */ = {
			isa = PBXGroup;
			children = (
				ABE66BBF2269DBE300375C3E /* control */,
				ABE66BD42269DCED00375C3E /* postinst */,
				ABE66BD62269DCED00375C3E /* postrm */,
				ABE66BD72269DCED00375C3E /* preinst */,
				ABE66BD52269DCED00375C3E /* prerm */,
			);
			name = DEBIAN;
			sourceTree = "<group>";
		};
		ABE66BC12269DBE300375C3E /* usr */ = {
			isa = PBXGroup;
			children = (
				ABE66BC22269DBE300375C3E /* bin */,
			);
			name = usr;
			sourceTree = "<group>";
		};
		ABE66BC22269DBE300375C3E /* bin */ = {
			isa = PBXGroup;
			children = (
			);
			name = bin;
			sourceTree = "<group>";
		};
		ABE66BD12269DCC200375C3E /* Library */ = {
			isa = PBXGroup;
			children = (
				ABE66BD22269DCC200375C3E /* LaunchDaemons */,
			);
			path = Library;
			sourceTree = "<group>";
		};
		ABE66BD22269DCC200375C3E /* LaunchDaemons */ = {
			isa = PBXGroup;
			children = (
				ABE66BD32269DCC200375C3E /* com.lakr233.jw.SailyStartupDaemon.plist */,
			);
			path = LaunchDaemons;
			sourceTree = "<group>";
		};
		D78864603285D13A3B6AFCD0 /* Frameworks */ = {
			isa = PBXGroup;
			children = (
				1DAF66B95A838CF3C5B7BFC5 /* libPods-Daemon.a */,
				5E75156FF8A25029C4BB5593 /* Pods_Saily_Package_Manager.framework */,
			);
			name = Frameworks;
			sourceTree = "<group>";
		};
/* End PBXGroup section */

/* Begin PBXNativeTarget section */
		ABE66B722269DB6500375C3E /* Saily Package Manager */ = {
			isa = PBXNativeTarget;
			buildConfigurationList = ABE66B9D2269DB6500375C3E /* Build configuration list for PBXNativeTarget "Saily Package Manager" */;
			buildPhases = (
				4DD712D378DCB5B0C5C9542D /* [CP] Check Pods Manifest.lock */,
				ABE66B6F2269DB6500375C3E /* Sources */,
				ABE66B702269DB6500375C3E /* Frameworks */,
				ABE66B712269DB6500375C3E /* Resources */,
				ABE66BB62269DBA000375C3E /* Add Build Version */,
				10E5DD97F4C5C084FEB70227 /* [CP] Embed Pods Frameworks */,
			);
			buildRules = (
			);
			dependencies = (
			);
			name = "Saily Package Manager";
			productName = "Saily Package Manager";
			productReference = ABE66B732269DB6500375C3E /* Saily Package Manager.app */;
			productType = "com.apple.product-type.application";
		};
		ABE66BBA2269DBE300375C3E /* Daemon */ = {
			isa = PBXNativeTarget;
			buildConfigurationList = ABE66BC62269DBE300375C3E /* Build configuration list for PBXNativeTarget "Daemon" */;
			buildPhases = (
				EECCA7D8BB1BA5F8F79B84C5 /* [CP] Check Pods Manifest.lock */,
				ABE66BB72269DBE300375C3E /* Sources */,
				ABE66BB82269DBE300375C3E /* Frameworks */,
				ABE66BB92269DBE300375C3E /* ShellScript */,
				AB0DA4AB2271DBCA00633B30 /* ShellScript */,
			);
			buildRules = (
			);
			dependencies = (
			);
			name = Daemon;
			productName = Daemon;
			productReference = ABE66BBB2269DBE300375C3E /* Daemon */;
			productType = "com.apple.product-type.tool";
		};
/* End PBXNativeTarget section */

/* Begin PBXProject section */
		ABE66B6B2269DB6500375C3E /* Project object */ = {
			isa = PBXProject;
			attributes = {
				LastSwiftUpdateCheck = 1020;
				LastUpgradeCheck = 1020;
				ORGANIZATIONNAME = Lakr233;
				TargetAttributes = {
					ABE66B722269DB6500375C3E = {
						CreatedOnToolsVersion = 10.2.1;
						LastSwiftMigration = 1020;
					};
					ABE66BBA2269DBE300375C3E = {
						CreatedOnToolsVersion = 10.2.1;
					};
				};
			};
			buildConfigurationList = ABE66B6E2269DB6500375C3E /* Build configuration list for PBXProject "Saily Package Manager" */;
			compatibilityVersion = "Xcode 9.3";
			developmentRegion = en;
			hasScannedForEncodings = 0;
			knownRegions = (
				en,
				Base,
				"zh-Hans",
			);
			mainGroup = ABE66B6A2269DB6500375C3E;
			productRefGroup = ABE66B742269DB6500375C3E /* Products */;
			projectDirPath = "";
			projectRoot = "";
			targets = (
				ABE66B722269DB6500375C3E /* Saily Package Manager */,
				ABE66BBA2269DBE300375C3E /* Daemon */,
			);
		};
/* End PBXProject section */

/* Begin PBXResourcesBuildPhase section */
		ABE66B712269DB6500375C3E /* Resources */ = {
			isa = PBXResourcesBuildPhase;
			buildActionMask = 2147483647;
			files = (
				AB86AFE5226A09FB0021EB89 /* PlaceHolderLight.png in Resources */,
				ABE66B832269DB6500375C3E /* LaunchScreen.storyboard in Resources */,
				AB6565C6226A465100E796E5 /* add@3x.png in Resources */,
				AB0DA4C42273488200633B30 /* tweakIcon.png in Resources */,
				AB0DA4DF2274158700633B30 /* menu_blue@3x.png in Resources */,
				AB102D31226B0174005348A9 /* PackageCar.png in Resources */,
				AB86AFE7226A09FB0021EB89 /* PlaceHolderDark.jpg in Resources */,
				ABE66B802269DB6500375C3E /* Assets.xcassets in Resources */,
				AB0DA4DE2274158700633B30 /* menu_gray@3x.png in Resources */,
				AB153AF12270B7960084D365 /* setting_blue.png in Resources */,
				ABDFA2C9226F67CB00E04BE4 /* dollor.png in Resources */,
				ABB6B2212269EAD40034FFF5 /* search@3x.png in Resources */,
				AB102D2F226AF9F7005348A9 /* Folder.png in Resources */,
				AB8AF7A1226C960E006AA919 /* PlaceHolder.png in Resources */,
				AB153AFC2270C83F0084D365 /* Localizable.strings in Resources */,
				ABB6B21B2269EAD40034FFF5 /* repo_bigboss.png in Resources */,
				AB6565C2226A460300E796E5 /* edit@3x.png in Resources */,
				AB153AF22270B7960084D365 /* setting_gary.png in Resources */,
				ABB6B2202269EAD40034FFF5 /* discover@3x.png in Resources */,
				ABB6B2262269EAD40034FFF5 /* installed@3x.png in Resources */,
				ABDFA2CF226F81F600E04BE4 /* SileoString in Resources */,
				ABB6B21C2269EAD40034FFF5 /* source@3x.png in Resources */,
				ABB6B2242269EAD40034FFF5 /* iConRound.png in Resources */,
				ABB6B2192269EAD40034FFF5 /* PlaceholderUPT.png in Resources */,
				AB153AED2270AB490084D365 /* tweaksss.png in Resources */,
				ABDFA29B226F304A00E04BE4 /* mafufulove.png in Resources */,
				ABB6B2252269EAD40034FFF5 /* upshade.png in Resources */,
				AB86AFEB226A09FB0021EB89 /* WHITE.png in Resources */,
				ABDFA2C7226F676800E04BE4 /* Web.png in Resources */,
				AB8AF7AF226CCEF3006AA919 /* SocialPreview.png in Resources */,
				ABDFA2C5226F652E00E04BE4 /* share.png in Resources */,
				ABE66B7E2269DB6500375C3E /* Main.storyboard in Resources */,
				ABB6B21E2269EAD40034FFF5 /* PlaceholderInT.png in Resources */,
				ABB6B2042269E94B0034FFF5 /* Documentation.html in Resources */,
				ABB6B21D2269EAD40034FFF5 /* iConWhiteTransparent.png in Resources */,
				ABDFA2CD226F778A00E04BE4 /* download.png in Resources */,
				ABB6B21F2269EAD40034FFF5 /* PlaceholderDownT.png in Resources */,
				ABF45AAE2271AF9D00CBFA1C /* mafumafu.png in Resources */,
				ABB6B2222269EAD40034FFF5 /* downshade.png in Resources */,
				ABB6B2232269EAD40034FFF5 /* iCon.png in Resources */,
				ABB35B16226DFCC3009E4D07 /* mafumafu_dead_rul.png in Resources */,
				AB6565C0226A3A6E00E796E5 /* next.png in Resources */,
				ABB6B21A2269EAD40034FFF5 /* BGBlue.png in Resources */,
				ABE66BD92269DFF800375C3E /* Podfile in Resources */,
			);
			runOnlyForDeploymentPostprocessing = 0;
		};
/* End PBXResourcesBuildPhase section */

/* Begin PBXShellScriptBuildPhase section */
		10E5DD97F4C5C084FEB70227 /* [CP] Embed Pods Frameworks */ = {
			isa = PBXShellScriptBuildPhase;
			buildActionMask = 2147483647;
			files = (
			);
			inputFileListPaths = (
			);
			inputPaths = (
				"${PODS_ROOT}/Target Support Files/Pods-Saily Package Manager/Pods-Saily Package Manager-frameworks.sh",
				"${BUILT_PRODUCTS_DIR}/Alamofire/Alamofire.framework",
				"${BUILT_PRODUCTS_DIR}/BSBacktraceLogger/BSBacktraceLogger.framework",
				"${BUILT_PRODUCTS_DIR}/BZipCompression/BZipCompression.framework",
				"${BUILT_PRODUCTS_DIR}/CocoaLumberjack/CocoaLumberjack.framework",
				"${BUILT_PRODUCTS_DIR}/DoraemonKit/DoraemonKit.framework",
				"${PODS_ROOT}/DoraemonKit/iOS/DoraemonKit/Framework/DoraemonLoadAnalyze.framework",
				"${BUILT_PRODUCTS_DIR}/EzPopup/EzPopup.framework",
				"${BUILT_PRODUCTS_DIR}/GZIP/GZIP.framework",
				"${BUILT_PRODUCTS_DIR}/Hero/Hero.framework",
				"${BUILT_PRODUCTS_DIR}/JASON/JASON.framework",
				"${BUILT_PRODUCTS_DIR}/JGProgressHUD/JGProgressHUD.framework",
				"${BUILT_PRODUCTS_DIR}/LTMorphingLabel/LTMorphingLabel.framework",
				"${BUILT_PRODUCTS_DIR}/MKRingProgressView/MKRingProgressView.framework",
				"${BUILT_PRODUCTS_DIR}/NVActivityIndicatorView/NVActivityIndicatorView.framework",
				"${BUILT_PRODUCTS_DIR}/PNChart/PNChart.framework",
				"${PODS_ROOT}/Reveal-SDK/RevealServer-21/iOS/RevealServer.framework",
				"${BUILT_PRODUCTS_DIR}/SnapKit/SnapKit.framework",
				"${BUILT_PRODUCTS_DIR}/SwifterSwift/SwifterSwift.framework",
				"${BUILT_PRODUCTS_DIR}/UICountingLabel/UICountingLabel.framework",
				"${BUILT_PRODUCTS_DIR}/UITextView+Placeholder/UITextView_Placeholder.framework",
				"${BUILT_PRODUCTS_DIR}/fishhook/fishhook.framework",
			);
			name = "[CP] Embed Pods Frameworks";
			outputFileListPaths = (
			);
			outputPaths = (
				"${TARGET_BUILD_DIR}/${FRAMEWORKS_FOLDER_PATH}/Alamofire.framework",
				"${TARGET_BUILD_DIR}/${FRAMEWORKS_FOLDER_PATH}/BSBacktraceLogger.framework",
				"${TARGET_BUILD_DIR}/${FRAMEWORKS_FOLDER_PATH}/BZipCompression.framework",
				"${TARGET_BUILD_DIR}/${FRAMEWORKS_FOLDER_PATH}/CocoaLumberjack.framework",
				"${TARGET_BUILD_DIR}/${FRAMEWORKS_FOLDER_PATH}/DoraemonKit.framework",
				"${TARGET_BUILD_DIR}/${FRAMEWORKS_FOLDER_PATH}/DoraemonLoadAnalyze.framework",
				"${TARGET_BUILD_DIR}/${FRAMEWORKS_FOLDER_PATH}/EzPopup.framework",
				"${TARGET_BUILD_DIR}/${FRAMEWORKS_FOLDER_PATH}/GZIP.framework",
				"${TARGET_BUILD_DIR}/${FRAMEWORKS_FOLDER_PATH}/Hero.framework",
				"${TARGET_BUILD_DIR}/${FRAMEWORKS_FOLDER_PATH}/JASON.framework",
				"${TARGET_BUILD_DIR}/${FRAMEWORKS_FOLDER_PATH}/JGProgressHUD.framework",
				"${TARGET_BUILD_DIR}/${FRAMEWORKS_FOLDER_PATH}/LTMorphingLabel.framework",
				"${TARGET_BUILD_DIR}/${FRAMEWORKS_FOLDER_PATH}/MKRingProgressView.framework",
				"${TARGET_BUILD_DIR}/${FRAMEWORKS_FOLDER_PATH}/NVActivityIndicatorView.framework",
				"${TARGET_BUILD_DIR}/${FRAMEWORKS_FOLDER_PATH}/PNChart.framework",
				"${TARGET_BUILD_DIR}/${FRAMEWORKS_FOLDER_PATH}/RevealServer.framework",
				"${TARGET_BUILD_DIR}/${FRAMEWORKS_FOLDER_PATH}/SnapKit.framework",
				"${TARGET_BUILD_DIR}/${FRAMEWORKS_FOLDER_PATH}/SwifterSwift.framework",
				"${TARGET_BUILD_DIR}/${FRAMEWORKS_FOLDER_PATH}/UICountingLabel.framework",
				"${TARGET_BUILD_DIR}/${FRAMEWORKS_FOLDER_PATH}/UITextView_Placeholder.framework",
				"${TARGET_BUILD_DIR}/${FRAMEWORKS_FOLDER_PATH}/fishhook.framework",
			);
			runOnlyForDeploymentPostprocessing = 0;
			shellPath = /bin/sh;
			shellScript = "\"${PODS_ROOT}/Target Support Files/Pods-Saily Package Manager/Pods-Saily Package Manager-frameworks.sh\"\n";
			showEnvVarsInLog = 0;
		};
		4DD712D378DCB5B0C5C9542D /* [CP] Check Pods Manifest.lock */ = {
			isa = PBXShellScriptBuildPhase;
			buildActionMask = 2147483647;
			files = (
			);
			inputFileListPaths = (
			);
			inputPaths = (
				"${PODS_PODFILE_DIR_PATH}/Podfile.lock",
				"${PODS_ROOT}/Manifest.lock",
			);
			name = "[CP] Check Pods Manifest.lock";
			outputFileListPaths = (
			);
			outputPaths = (
				"$(DERIVED_FILE_DIR)/Pods-Saily Package Manager-checkManifestLockResult.txt",
			);
			runOnlyForDeploymentPostprocessing = 0;
			shellPath = /bin/sh;
			shellScript = "diff \"${PODS_PODFILE_DIR_PATH}/Podfile.lock\" \"${PODS_ROOT}/Manifest.lock\" > /dev/null\nif [ $? != 0 ] ; then\n    # print error to STDERR\n    echo \"error: The sandbox is not in sync with the Podfile.lock. Run 'pod install' or update your CocoaPods installation.\" >&2\n    exit 1\nfi\n# This output is used by Xcode 'outputs' to avoid re-running this script phase.\necho \"SUCCESS\" > \"${SCRIPT_OUTPUT_FILE_0}\"\n";
			showEnvVarsInLog = 0;
		};
		AB0DA4AB2271DBCA00633B30 /* ShellScript */ = {
			isa = PBXShellScriptBuildPhase;
			buildActionMask = 2147483647;
			files = (
			);
			inputFileListPaths = (
			);
			inputPaths = (
			);
			outputFileListPaths = (
			);
			outputPaths = (
			);
			runOnlyForDeploymentPostprocessing = 0;
			shellPath = /bin/sh;
			shellScript = "# Type a script or drag a script file from your workspace to insert its path.\nrm -rf \"/Users/lakr/Documents/GitHub/SailyPackageManager/Saily Package Manager/Packages/Build\"\nmkdir \"/Users/lakr/Documents/GitHub/SailyPackageManager/Saily Package Manager/Packages/Build\"\nmkdir \"/Users/lakr/Documents/GitHub/SailyPackageManager/Saily Package Manager/Packages/Build/DEBIAN\"\nmkdir \"/Users/lakr/Documents/GitHub/SailyPackageManager/Saily Package Manager/Packages/Build/usr\"\nmkdir \"/Users/lakr/Documents/GitHub/SailyPackageManager/Saily Package Manager/Packages/Build/usr/bin\"\nmkdir \"/Users/lakr/Documents/GitHub/SailyPackageManager/Saily Package Manager/Packages/Build/Library\"\nmkdir \"/Users/lakr/Documents/GitHub/SailyPackageManager/Saily Package Manager/Packages/Build/Library/LaunchDaemons\"\n\ncp \"/Users/lakr/Documents/GitHub/SailyPackageManager/Saily Package Manager/Daemon/postinst\" \"/Users/lakr/Documents/GitHub/SailyPackageManager/Saily Package Manager/Packages/Build/DEBIAN/\"\ncp \"/Users/lakr/Documents/GitHub/SailyPackageManager/Saily Package Manager/Daemon/postrm\" \"/Users/lakr/Documents/GitHub/SailyPackageManager/Saily Package Manager/Packages/Build/DEBIAN/\"\ncp \"/Users/lakr/Documents/GitHub/SailyPackageManager/Saily Package Manager/Daemon/preinst\" \"/Users/lakr/Documents/GitHub/SailyPackageManager/Saily Package Manager/Packages/Build/DEBIAN/\"\ncp \"/Users/lakr/Documents/GitHub/SailyPackageManager/Saily Package Manager/Daemon/prerm\" \"/Users/lakr/Documents/GitHub/SailyPackageManager/Saily Package Manager/Packages/Build/DEBIAN/\"\ncp \"/Users/lakr/Documents/GitHub/SailyPackageManager/Saily Package Manager/Daemon/Library/LaunchDaemons/com.lakr233.jw.SailyStartupDaemon.plist\" \"/Users/lakr/Documents/GitHub/SailyPackageManager/Saily Package Manager/Packages/Build/Library/LaunchDaemons/\"\ncp \"/Users/lakr/Documents/GitHub/SailyPackageManager/Saily Package Manager/Daemon/Package/DEBIAN/control\" \"/Users/lakr/Documents/GitHub/SailyPackageManager/Saily Package Manager/Packages/Build/DEBIAN/\"\n\ncp $BUILT_PRODUCTS_DIR/Daemon \"/Users/lakr/Documents/GitHub/SailyPackageManager/Saily Package Manager/Packages/Build/usr/bin/SailyStartupDaemon\"\n\ncd \"/Users/lakr/Documents/GitHub/SailyPackageManager/Saily Package Manager/Packages/Build\"\n\nrm -f \"/Users/lakr/Documents/GitHub/SailyPackageManager/Saily Package Manager/Packages/SailyStartupDaemon.deb\"\ndpkg -b ./ ../SailyStartupDaemon.deb\n\n\n    rm -rf \"/Users/lakr/Documents/GitHub/SailyPackageManager/Saily Package Manager/Packages/Build/DEBIAN\"\n    mkdir \"/Users/lakr/Documents/GitHub/SailyPackageManager/Saily Package Manager/Packages/Build/Applications\"\n    cp -r $BUILT_PRODUCTS_DIR/Saily\\ Package\\ Manager.app \"/Users/lakr/Documents/GitHub/SailyPackageManager/Saily Package Manager/Packages/Build/Applications/Saily.app\"\n    cp -r \"/Users/lakr/Documents/GitHub/SailyPackageManager/Saily Package Manager/Packages/root-ress/DEBIAN\" \"/Users/lakr/Documents/GitHub/SailyPackageManager/Saily Package Manager/Packages/Build/DEBIAN\"\n    rm -rf \"/Users/lakr/Documents/GitHub/SailyPackageManager/Saily Package Manager/Packages/Build/Applications/Saily.app/_CodeSignature\"\n\n    rm -f \"/Users/lakr/Documents/GitHub/SailyPackageManager/Saily Package Manager/Packages/Saily.deb\"\n    dpkg -b ./ ../Saily.deb\n\nrm -rf \"/Users/lakr/Documents/GitHub/SailyPackageManager/Saily Package Manager/Packages/Build\"\n\n#sshpass -p 'TESTdevice' root@192.168.6.85 rm -rf /var/root/MonkeyDevBuilds/\n#sshpass -p 'TESTdevice' scp \"/Users/lakr/Documents/GitHub/SailyPackageManager/Saily Package Manager/Packages/SailyStartupDaemon.deb\" root@192.168.6.85:/var/root/MonkeyDevBuilds/\n#sshpass -p 'TESTdevice' scp \"/Users/lakr/Documents/GitHub/SailyPackageManager/Saily Package Manager/Packages/Saily.deb\" root@192.168.6.85:/var/root/MonkeyDevBuilds/\n\n\n";
		};
		ABE66BB62269DBA000375C3E /* Add Build Version */ = {
			isa = PBXShellScriptBuildPhase;
			buildActionMask = 2147483647;
			files = (
			);
			inputFileListPaths = (
			);
			inputPaths = (
			);
			name = "Add Build Version";
			outputFileListPaths = (
			);
			outputPaths = (
			);
			runOnlyForDeploymentPostprocessing = 0;
			shellPath = /bin/sh;
			shellScript = "# Type a script or drag a script file from your workspace to insert its path.\n#!/bin/bash\n\nbuildNumber=$(/usr/libexec/PlistBuddy -c \"Print CFBundleVersion\" \"${PROJECT_DIR}/${INFOPLIST_FILE}\");\nbuildNumber=$(($buildNumber + 1));\n/usr/libexec/PlistBuddy -c \"Set :CFBundleVersion $buildNumber\" \"${PROJECT_DIR}/${INFOPLIST_FILE}\";\n";
		};
		ABE66BB92269DBE300375C3E /* ShellScript */ = {
			isa = PBXShellScriptBuildPhase;
			buildActionMask = 2147483647;
			files = (
			);
			inputFileListPaths = (
			);
			inputPaths = (
			);
			outputFileListPaths = (
			);
			outputPaths = (
			);
			runOnlyForDeploymentPostprocessing = 0;
			shellPath = /bin/sh;
			shellScript = "/opt/MonkeyDev/bin/md --xcbp\nexit 0\n";
		};
		EECCA7D8BB1BA5F8F79B84C5 /* [CP] Check Pods Manifest.lock */ = {
			isa = PBXShellScriptBuildPhase;
			buildActionMask = 2147483647;
			files = (
			);
			inputFileListPaths = (
			);
			inputPaths = (
				"${PODS_PODFILE_DIR_PATH}/Podfile.lock",
				"${PODS_ROOT}/Manifest.lock",
			);
			name = "[CP] Check Pods Manifest.lock";
			outputFileListPaths = (
			);
			outputPaths = (
				"$(DERIVED_FILE_DIR)/Pods-Daemon-checkManifestLockResult.txt",
			);
			runOnlyForDeploymentPostprocessing = 0;
			shellPath = /bin/sh;
			shellScript = "diff \"${PODS_PODFILE_DIR_PATH}/Podfile.lock\" \"${PODS_ROOT}/Manifest.lock\" > /dev/null\nif [ $? != 0 ] ; then\n    # print error to STDERR\n    echo \"error: The sandbox is not in sync with the Podfile.lock. Run 'pod install' or update your CocoaPods installation.\" >&2\n    exit 1\nfi\n# This output is used by Xcode 'outputs' to avoid re-running this script phase.\necho \"SUCCESS\" > \"${SCRIPT_OUTPUT_FILE_0}\"\n";
			showEnvVarsInLog = 0;
		};
/* End PBXShellScriptBuildPhase section */

/* Begin PBXSourcesBuildPhase section */
		ABE66B6F2269DB6500375C3E /* Sources */ = {
			isa = PBXSourcesBuildPhase;
			buildActionMask = 2147483647;
			files = (
				AB8AF7B3226CD5D1006AA919 /* Saily_UI_Discover_Detail.swift in Sources */,
				AB86AFE4226A09FB0021EB89 /* CardCellKind2.swift in Sources */,
				ABB35B1A226E0C6A009E4D07 /* Saily_UI_Tweak_Native.swift in Sources */,
				AB86AFE9226A09FB0021EB89 /* CardCellKind1.swift in Sources */,
				ABB6B2572269F9590034FFF5 /* Saily_UI_Discover.swift in Sources */,
				AB8AF798226C33C8006AA919 /* Saily_UI_Manage.swift in Sources */,
				ABB6B1E52269E3B60034FFF5 /* RepoClass.swift in Sources */,
				ABB6B2052269E94B0034FFF5 /* GCDAsyncUdpSocket.m in Sources */,
				ABB6B1DF2269E25C0034FFF5 /* RootClass.swift in Sources */,
				AB6565BE226A2C5900E796E5 /* Saily_UI_Repos.swift in Sources */,
				AB8AF790226B3CC1006AA919 /* Saily_UI_Search.swift in Sources */,
				ABB6B1E32269E3260034FFF5 /* OperatorsClass.swift in Sources */,
				ABB35B1C226E0C7A009E4D07 /* Saily_UI_Tweak_Webkit.swift in Sources */,
				ABB6B1E92269E85B0034FFF5 /* UIDeviceExtension.swift in Sources */,
				AB86AFEE226A107B0021EB89 /* PackageDownloadView.swift in Sources */,
				AB86503E227715F900A9A9BE /* Saily_UI_Submitter.swift in Sources */,
				ABB6B2082269E94B0034FFF5 /* SFWebServer.m in Sources */,
				ABB6B2282269EF550034FFF5 /* Navigators.swift in Sources */,
				ABB6B2062269E94B0034FFF5 /* GCDAsyncSocket.m in Sources */,
				AB153AF42270BD2E0084D365 /* Saily_UI_Queue.swift in Sources */,
				AB102D3B226B1E00005348A9 /* Saily_UI_Packages.swift in Sources */,
				ABDFA29F226F36D300E04BE4 /* Saily_Exchange_AUTH_NONE.swift in Sources */,
				AB102D2B226AE219005348A9 /* Saily_UI_Sectiosn.swift in Sources */,
				AB86AFFD226A12AC0021EB89 /* UIViewExtension.swift in Sources */,
				AB86B003226A13BB0021EB89 /* DiscoverClass.swift in Sources */,
				ABB6B1F22269E93B0034FFF5 /* BridgerObjC.m in Sources */,
				ABB6B2092269E94B0034FFF5 /* SFWebServerRespone.m in Sources */,
				ABE66B772269DB6500375C3E /* AppDelegate.swift in Sources */,
				ABB6B2072269E94B0034FFF5 /* SFWebServerRequest.m in Sources */,
				ABDFA2DC2270798F00E04BE4 /* UIView+Shine.swift in Sources */,
				ABB6B20A2269E94B0034FFF5 /* SFWebServerRouter.m in Sources */,
			);
			runOnlyForDeploymentPostprocessing = 0;
		};
		ABE66BB72269DBE300375C3E /* Sources */ = {
			isa = PBXSourcesBuildPhase;
			buildActionMask = 2147483647;
			files = (
				ABE66BC52269DBE300375C3E /* main.m in Sources */,
			);
			runOnlyForDeploymentPostprocessing = 0;
		};
/* End PBXSourcesBuildPhase section */

/* Begin PBXVariantGroup section */
		AB153AFA2270C83F0084D365 /* Localizable.strings */ = {
			isa = PBXVariantGroup;
			children = (
				AB153AFB2270C83F0084D365 /* zh-Hans */,
			);
			name = Localizable.strings;
			sourceTree = "<group>";
		};
		ABE66B7C2269DB6500375C3E /* Main.storyboard */ = {
			isa = PBXVariantGroup;
			children = (
				ABE66B7D2269DB6500375C3E /* Base */,
				AB153AF92270C8110084D365 /* zh-Hans */,
			);
			name = Main.storyboard;
			sourceTree = "<group>";
		};
		ABE66B812269DB6500375C3E /* LaunchScreen.storyboard */ = {
			isa = PBXVariantGroup;
			children = (
				ABE66B822269DB6500375C3E /* Base */,
			);
			name = LaunchScreen.storyboard;
			sourceTree = "<group>";
		};
/* End PBXVariantGroup section */

/* Begin XCBuildConfiguration section */
		ABE66B9B2269DB6500375C3E /* Debug */ = {
			isa = XCBuildConfiguration;
			buildSettings = {
				ALWAYS_SEARCH_USER_PATHS = NO;
				CLANG_ANALYZER_LOCALIZABILITY_NONLOCALIZED = YES;
				CLANG_ANALYZER_NONNULL = YES;
				CLANG_ANALYZER_NUMBER_OBJECT_CONVERSION = YES_AGGRESSIVE;
				CLANG_CXX_LANGUAGE_STANDARD = "gnu++14";
				CLANG_CXX_LIBRARY = "libc++";
				CLANG_ENABLE_MODULES = YES;
				CLANG_ENABLE_OBJC_ARC = YES;
				CLANG_ENABLE_OBJC_WEAK = YES;
				CLANG_WARN_BLOCK_CAPTURE_AUTORELEASING = YES;
				CLANG_WARN_BOOL_CONVERSION = YES;
				CLANG_WARN_COMMA = YES;
				CLANG_WARN_CONSTANT_CONVERSION = YES;
				CLANG_WARN_DEPRECATED_OBJC_IMPLEMENTATIONS = YES;
				CLANG_WARN_DIRECT_OBJC_ISA_USAGE = YES_ERROR;
				CLANG_WARN_DOCUMENTATION_COMMENTS = YES;
				CLANG_WARN_EMPTY_BODY = YES;
				CLANG_WARN_ENUM_CONVERSION = YES;
				CLANG_WARN_INFINITE_RECURSION = YES;
				CLANG_WARN_INT_CONVERSION = YES;
				CLANG_WARN_NON_LITERAL_NULL_CONVERSION = YES;
				CLANG_WARN_OBJC_IMPLICIT_RETAIN_SELF = YES;
				CLANG_WARN_OBJC_LITERAL_CONVERSION = YES;
				CLANG_WARN_OBJC_ROOT_CLASS = YES_ERROR;
				CLANG_WARN_RANGE_LOOP_ANALYSIS = YES;
				CLANG_WARN_STRICT_PROTOTYPES = YES;
				CLANG_WARN_SUSPICIOUS_MOVE = YES;
				CLANG_WARN_UNGUARDED_AVAILABILITY = YES_AGGRESSIVE;
				CLANG_WARN_UNREACHABLE_CODE = YES;
				CLANG_WARN__DUPLICATE_METHOD_MATCH = YES;
				CODE_SIGN_IDENTITY = "iPhone Developer";
				COPY_PHASE_STRIP = NO;
				DEBUG_INFORMATION_FORMAT = dwarf;
				ENABLE_STRICT_OBJC_MSGSEND = YES;
				ENABLE_TESTABILITY = YES;
				GCC_C_LANGUAGE_STANDARD = gnu11;
				GCC_DYNAMIC_NO_PIC = NO;
				GCC_NO_COMMON_BLOCKS = YES;
				GCC_OPTIMIZATION_LEVEL = 0;
				GCC_PREPROCESSOR_DEFINITIONS = (
					"DEBUG=1",
					"$(inherited)",
				);
				GCC_WARN_64_TO_32_BIT_CONVERSION = YES;
				GCC_WARN_ABOUT_RETURN_TYPE = YES_ERROR;
				GCC_WARN_UNDECLARED_SELECTOR = YES;
				GCC_WARN_UNINITIALIZED_AUTOS = YES_AGGRESSIVE;
				GCC_WARN_UNUSED_FUNCTION = YES;
				GCC_WARN_UNUSED_VARIABLE = YES;
				IPHONEOS_DEPLOYMENT_TARGET = 11.0;
				MTL_ENABLE_DEBUG_INFO = INCLUDE_SOURCE;
				MTL_FAST_MATH = YES;
				ONLY_ACTIVE_ARCH = YES;
				SDKROOT = iphoneos;
				SWIFT_ACTIVE_COMPILATION_CONDITIONS = DEBUG;
				SWIFT_OPTIMIZATION_LEVEL = "-Onone";
			};
			name = Debug;
		};
		ABE66B9C2269DB6500375C3E /* Release */ = {
			isa = XCBuildConfiguration;
			buildSettings = {
				ALWAYS_SEARCH_USER_PATHS = NO;
				CLANG_ANALYZER_LOCALIZABILITY_NONLOCALIZED = YES;
				CLANG_ANALYZER_NONNULL = YES;
				CLANG_ANALYZER_NUMBER_OBJECT_CONVERSION = YES_AGGRESSIVE;
				CLANG_CXX_LANGUAGE_STANDARD = "gnu++14";
				CLANG_CXX_LIBRARY = "libc++";
				CLANG_ENABLE_MODULES = YES;
				CLANG_ENABLE_OBJC_ARC = YES;
				CLANG_ENABLE_OBJC_WEAK = YES;
				CLANG_WARN_BLOCK_CAPTURE_AUTORELEASING = YES;
				CLANG_WARN_BOOL_CONVERSION = YES;
				CLANG_WARN_COMMA = YES;
				CLANG_WARN_CONSTANT_CONVERSION = YES;
				CLANG_WARN_DEPRECATED_OBJC_IMPLEMENTATIONS = YES;
				CLANG_WARN_DIRECT_OBJC_ISA_USAGE = YES_ERROR;
				CLANG_WARN_DOCUMENTATION_COMMENTS = YES;
				CLANG_WARN_EMPTY_BODY = YES;
				CLANG_WARN_ENUM_CONVERSION = YES;
				CLANG_WARN_INFINITE_RECURSION = YES;
				CLANG_WARN_INT_CONVERSION = YES;
				CLANG_WARN_NON_LITERAL_NULL_CONVERSION = YES;
				CLANG_WARN_OBJC_IMPLICIT_RETAIN_SELF = YES;
				CLANG_WARN_OBJC_LITERAL_CONVERSION = YES;
				CLANG_WARN_OBJC_ROOT_CLASS = YES_ERROR;
				CLANG_WARN_RANGE_LOOP_ANALYSIS = YES;
				CLANG_WARN_STRICT_PROTOTYPES = YES;
				CLANG_WARN_SUSPICIOUS_MOVE = YES;
				CLANG_WARN_UNGUARDED_AVAILABILITY = YES_AGGRESSIVE;
				CLANG_WARN_UNREACHABLE_CODE = YES;
				CLANG_WARN__DUPLICATE_METHOD_MATCH = YES;
				CODE_SIGN_IDENTITY = "iPhone Developer";
				COPY_PHASE_STRIP = NO;
				DEBUG_INFORMATION_FORMAT = "dwarf-with-dsym";
				ENABLE_NS_ASSERTIONS = NO;
				ENABLE_STRICT_OBJC_MSGSEND = YES;
				GCC_C_LANGUAGE_STANDARD = gnu11;
				GCC_NO_COMMON_BLOCKS = YES;
				GCC_WARN_64_TO_32_BIT_CONVERSION = YES;
				GCC_WARN_ABOUT_RETURN_TYPE = YES_ERROR;
				GCC_WARN_UNDECLARED_SELECTOR = YES;
				GCC_WARN_UNINITIALIZED_AUTOS = YES_AGGRESSIVE;
				GCC_WARN_UNUSED_FUNCTION = YES;
				GCC_WARN_UNUSED_VARIABLE = YES;
				IPHONEOS_DEPLOYMENT_TARGET = 11.0;
				MTL_ENABLE_DEBUG_INFO = NO;
				MTL_FAST_MATH = YES;
				SDKROOT = iphoneos;
				SWIFT_COMPILATION_MODE = wholemodule;
				SWIFT_OPTIMIZATION_LEVEL = "-O";
				VALIDATE_PRODUCT = YES;
			};
			name = Release;
		};
		ABE66B9E2269DB6500375C3E /* Debug */ = {
			isa = XCBuildConfiguration;
			baseConfigurationReference = D53548BC166D17B37EFB5750 /* Pods-Saily Package Manager.debug.xcconfig */;
			buildSettings = {
				ASSETCATALOG_COMPILER_APPICON_NAME = AppIcon;
				CLANG_ENABLE_MODULES = YES;
				CODE_SIGN_STYLE = Automatic;
				DEVELOPMENT_TEAM = 6Y9Y56NCLP;
				INFOPLIST_FILE = "Saily Package Manager/Info.plist";
				IPHONEOS_DEPLOYMENT_TARGET = 11.0;
				LD_RUNPATH_SEARCH_PATHS = (
					"$(inherited)",
					"@executable_path/Frameworks",
				);
				PRODUCT_BUNDLE_IDENTIFIER = "com.lakr233.jw.Saily-Package-Manager";
				PRODUCT_NAME = "$(TARGET_NAME)";
				SWIFT_OBJC_BRIDGING_HEADER = "Saily Package Manager/Objective-C/Saily Package Manager-Bridging-Header.h";
				SWIFT_OPTIMIZATION_LEVEL = "-Onone";
				SWIFT_VERSION = 5.0;
				TARGETED_DEVICE_FAMILY = "1,2";
			};
			name = Debug;
		};
		ABE66B9F2269DB6500375C3E /* Release */ = {
			isa = XCBuildConfiguration;
			baseConfigurationReference = 2DC932C764F35C211DC693C0 /* Pods-Saily Package Manager.release.xcconfig */;
			buildSettings = {
				ASSETCATALOG_COMPILER_APPICON_NAME = AppIcon;
				CLANG_ENABLE_MODULES = YES;
				CODE_SIGN_STYLE = Automatic;
				DEVELOPMENT_TEAM = 6Y9Y56NCLP;
				INFOPLIST_FILE = "Saily Package Manager/Info.plist";
				IPHONEOS_DEPLOYMENT_TARGET = 11.0;
				LD_RUNPATH_SEARCH_PATHS = (
					"$(inherited)",
					"@executable_path/Frameworks",
				);
				PRODUCT_BUNDLE_IDENTIFIER = "com.lakr233.jw.Saily-Package-Manager";
				PRODUCT_NAME = "$(TARGET_NAME)";
				SWIFT_OBJC_BRIDGING_HEADER = "Saily Package Manager/Objective-C/Saily Package Manager-Bridging-Header.h";
				SWIFT_VERSION = 5.0;
				TARGETED_DEVICE_FAMILY = "1,2";
			};
			name = Release;
		};
		ABE66BC72269DBE300375C3E /* Debug */ = {
			isa = XCBuildConfiguration;
			baseConfigurationReference = 653861874B308E7640FC7B68 /* Pods-Daemon.debug.xcconfig */;
			buildSettings = {
				ALWAYS_EMBED_SWIFT_STANDARD_LIBRARIES = YES;
				CLANG_ENABLE_OBJC_ARC = YES;
				CODE_SIGN_ENTITLEMENTS = Daemon/monkeydev.entitlements;
				CODE_SIGN_IDENTITY = "iPhone Developer";
				CODE_SIGN_STYLE = Automatic;
				DEVELOPMENT_TEAM = 8LGRDQBWN3;
				EXCLUDED_RECURSIVE_SEARCH_PATH_SUBDIRECTORIES = "*.nib *.lproj *.gch (*) .DS_Store CVS .svn .git .hg *.xcodeproj *.xcode *.pbproj *.pbxproj";
				FRAMEWORK_SEARCH_PATHS = (
					"$(MonkeyDevPath)/frameworks/**",
					"$(MonkeyDevTheosPath)/vendor/lib",
				);
				GCC_C_LANGUAGE_STANDARD = gnu99;
				GCC_SYMBOLS_PRIVATE_EXTERN = NO;
				GCC_WARN_ABOUT_MISSING_PROTOTYPES = YES;
				GCC_WARN_ABOUT_RETURN_TYPE = YES;
				HEADER_SEARCH_PATHS = "$(MonkeyDevTheosPath)/vendor/include/**";
				INSTALL_PATH = /usr/bin;
				IPHONEOS_DEPLOYMENT_TARGET = 11.0;
				LD_RUNPATH_SEARCH_PATHS = (
					"$(inherited)",
					"@executable_path/../Frameworks",
				);
				LIBRARY_SEARCH_PATHS = "$(MonkeyDevTheosPath)/vendor/lib/**";
				MonkeyDevBuildPackageOnAnyBuild = YES;
				MonkeyDevClearUiCacheOnInstall = NO;
				MonkeyDevCopyOnBuild = YES;
				MonkeyDevDeviceIP = 192.168.6.85;
				MonkeyDevDevicePassword = "";
				MonkeyDevDevicePort = 22;
				MonkeyDevInstallOnAnyBuild = NO;
				MonkeyDevInstallOnProfiling = NO;
				MonkeyDevPath = /opt/MonkeyDev;
				MonkeyDevTheosPath = /opt/theos;
				MonkeyDevkillProcessOnInstall = "";
				OTHER_CFLAGS = "-DTHEOS_INSTANCE_NAME=\"\\\"Daemon\\\"\"";
				PRODUCT_NAME = "$(TARGET_NAME)";
				PROVISIONING_PROFILE_SPECIFIER = "";
				SWIFT_VERSION = 5.0;
				TARGETED_DEVICE_FAMILY = "1,2";
				VALIDATE_PRODUCT = NO;
			};
			name = Debug;
		};
		ABE66BC82269DBE300375C3E /* Release */ = {
			isa = XCBuildConfiguration;
			baseConfigurationReference = 4BBAF65C26F5CF16180C17EB /* Pods-Daemon.release.xcconfig */;
			buildSettings = {
				ALWAYS_EMBED_SWIFT_STANDARD_LIBRARIES = YES;
				CLANG_ENABLE_OBJC_ARC = YES;
				CODE_SIGN_ENTITLEMENTS = Daemon/monkeydev.entitlements;
				CODE_SIGN_IDENTITY = "iPhone Developer";
				CODE_SIGN_STYLE = Automatic;
				COPY_PHASE_STRIP = YES;
				DEVELOPMENT_TEAM = 8LGRDQBWN3;
				EXCLUDED_RECURSIVE_SEARCH_PATH_SUBDIRECTORIES = "*.nib *.lproj *.gch (*) .DS_Store CVS .svn .git .hg *.xcodeproj *.xcode *.pbproj *.pbxproj";
				FRAMEWORK_SEARCH_PATHS = (
					"$(MonkeyDevPath)/frameworks/**",
					"$(MonkeyDevTheosPath)/vendor/lib",
				);
				GCC_C_LANGUAGE_STANDARD = gnu99;
				GCC_WARN_ABOUT_MISSING_PROTOTYPES = YES;
				GCC_WARN_ABOUT_RETURN_TYPE = YES;
				HEADER_SEARCH_PATHS = "$(MonkeyDevTheosPath)/vendor/include/**";
				INSTALL_PATH = /usr/bin;
				IPHONEOS_DEPLOYMENT_TARGET = 11.0;
				LD_RUNPATH_SEARCH_PATHS = (
					"$(inherited)",
					"@executable_path/../Frameworks",
				);
				LIBRARY_SEARCH_PATHS = "$(MonkeyDevTheosPath)/vendor/lib/**";
				MonkeyDevBuildPackageOnAnyBuild = YES;
				MonkeyDevClearUiCacheOnInstall = NO;
				MonkeyDevCopyOnBuild = YES;
				MonkeyDevDeviceIP = 192.168.6.85;
				MonkeyDevDevicePassword = "";
				MonkeyDevDevicePort = 22;
				MonkeyDevInstallOnAnyBuild = NO;
				MonkeyDevInstallOnProfiling = NO;
				MonkeyDevPath = /opt/MonkeyDev;
				MonkeyDevTheosPath = /opt/theos;
				MonkeyDevkillProcessOnInstall = "";
				OTHER_CFLAGS = "-DTHEOS_INSTANCE_NAME=\"\\\"Daemon\\\"\"";
				PRODUCT_NAME = "$(TARGET_NAME)";
				PROVISIONING_PROFILE_SPECIFIER = "";
				SWIFT_OPTIMIZATION_LEVEL = "-Onone";
				SWIFT_VERSION = 5.0;
				TARGETED_DEVICE_FAMILY = "1,2";
			};
			name = Release;
		};
/* End XCBuildConfiguration section */

/* Begin XCConfigurationList section */
		ABE66B6E2269DB6500375C3E /* Build configuration list for PBXProject "Saily Package Manager" */ = {
			isa = XCConfigurationList;
			buildConfigurations = (
				ABE66B9B2269DB6500375C3E /* Debug */,
				ABE66B9C2269DB6500375C3E /* Release */,
			);
			defaultConfigurationIsVisible = 0;
			defaultConfigurationName = Release;
		};
		ABE66B9D2269DB6500375C3E /* Build configuration list for PBXNativeTarget "Saily Package Manager" */ = {
			isa = XCConfigurationList;
			buildConfigurations = (
				ABE66B9E2269DB6500375C3E /* Debug */,
				ABE66B9F2269DB6500375C3E /* Release */,
			);
			defaultConfigurationIsVisible = 0;
			defaultConfigurationName = Release;
		};
		ABE66BC62269DBE300375C3E /* Build configuration list for PBXNativeTarget "Daemon" */ = {
			isa = XCConfigurationList;
			buildConfigurations = (
				ABE66BC72269DBE300375C3E /* Debug */,
				ABE66BC82269DBE300375C3E /* Release */,
			);
			defaultConfigurationIsVisible = 0;
			defaultConfigurationName = Release;
		};
/* End XCConfigurationList section */
	};
	rootObject = ABE66B6B2269DB6500375C3E /* Project object */;
}
